
Microsoft Visual Studio Solution File, Format Version 12.00
# Visual Studio Version 17
VisualStudioVersion = 17.3.32825.248
MinimumVisualStudioVersion = 10.0.40219.1
Project("{9A19103F-16F7-4668-BE54-9A1E7A4F7556}") = "customArrs", "customArrs.csproj", "{0EBC0E19-0891-4D85-BC8D-EC3B1C31CD99}"
EndProject
Project("{9A19103F-16F7-4668-BE54-9A1E7A4F7556}") = "customArrsLib", "..\customArrsLib\customArrsLib.csproj", "{BE599787-5F44-4EBE-BF46-028B27A14E0D}"
EndProject
Project("{FAE04EC0-301F-11D3-BF4B-00C04F79EFBC}") = "singleArrsTests", "..\singleArrsTests\singleArrsTests.csproj", "{5892242B-4AFB-4E12-8E02-CC03A141D5E5}"
EndProject
Global
	GlobalSection(SolutionConfigurationPlatforms) = preSolution
		Debug|Any CPU = Debug|Any CPU
		Release|Any CPU = Release|Any CPU
	EndGlobalSection
	GlobalSection(ProjectConfigurationPlatforms) = postSolution
		{0EBC0E19-0891-4D85-BC8D-EC3B1C31CD99}.Debug|Any CPU.ActiveCfg = Debug|Any CPU
		{0EBC0E19-0891-4D85-BC8D-EC3B1C31CD99}.Debug|Any CPU.Build.0 = Debug|Any CPU
		{0EBC0E19-0891-4D85-BC8D-EC3B1C31CD99}.Release|Any CPU.ActiveCfg = Release|Any CPU
		{0EBC0E19-0891-4D85-BC8D-EC3B1C31CD99}.Release|Any CPU.Build.0 = Release|Any CPU
		{BE599787-5F44-4EBE-BF46-028B27A14E0D}.Debug|Any CPU.ActiveCfg = Debug|Any CPU
		{BE599787-5F44-4EBE-BF46-028B27A14E0D}.Debug|Any CPU.Build.0 = Debug|Any CPU
		{BE599787-5F44-4EBE-BF46-028B27A14E0D}.Release|Any CPU.ActiveCfg = Release|Any CPU
		{BE599787-5F44-4EBE-BF46-028B27A14E0D}.Release|Any CPU.Build.0 = Release|Any CPU
		{5892242B-4AFB-4E12-8E02-CC03A141D5E5}.Debug|Any CPU.ActiveCfg = Debug|Any CPU
		{5892242B-4AFB-4E12-8E02-CC03A141D5E5}.Debug|Any CPU.Build.0 = Debug|Any CPU
		{5892242B-4AFB-4E12-8E02-CC03A141D5E5}.Release|Any CPU.ActiveCfg = Release|Any CPU
		{5892242B-4AFB-4E12-8E02-CC03A141D5E5}.Release|Any CPU.Build.0 = Release|Any CPU
	EndGlobalSection
	GlobalSection(SolutionProperties) = preSolution
		HideSolutionNode = FALSE
	EndGlobalSection
	GlobalSection(ExtensibilityGlobals) = postSolution
		SolutionGuid = {91992621-9F56-4CEC-B7E0-11F6C96F94C4}
	EndGlobalSection
EndGlobal
